// !$*UTF8*$!
{
	archiveVersion = 1;
	classes = {
	};
	objectVersion = 55;
	objects = {

/* Begin PBXBuildFile section */
		9049D731473905E3E8A0F360 /* Pods_GonzaloSnapchat.framework in Frameworks */ = {isa = PBXBuildFile; fileRef = CAD75D3B66418B02B3FC5AF3 /* Pods_GonzaloSnapchat.framework */; };
		F47AF5DA2A3A0575006A0564 /* Snap.swift in Sources */ = {isa = PBXBuildFile; fileRef = F47AF5D92A3A0575006A0564 /* Snap.swift */; };
		F47AF5DC2A3A13AA006A0564 /* VerSnapViewController.swift in Sources */ = {isa = PBXBuildFile; fileRef = F47AF5DB2A3A13AA006A0564 /* VerSnapViewController.swift */; };
		F49206402A33BA5C0099CFCE /* CrearUsuarioViewController.swift in Sources */ = {isa = PBXBuildFile; fileRef = F492063F2A33BA5C0099CFCE /* CrearUsuarioViewController.swift */; };
		F4C205CE2A30C06B0061A409 /* AppDelegate.swift in Sources */ = {isa = PBXBuildFile; fileRef = F4C205CD2A30C06B0061A409 /* AppDelegate.swift */; };
		F4C205D02A30C06B0061A409 /* SceneDelegate.swift in Sources */ = {isa = PBXBuildFile; fileRef = F4C205CF2A30C06B0061A409 /* SceneDelegate.swift */; };
		F4C205D22A30C06B0061A409 /* iniciarSesionViewController.swift in Sources */ = {isa = PBXBuildFile; fileRef = F4C205D12A30C06B0061A409 /* iniciarSesionViewController.swift */; };
		F4C205D52A30C06B0061A409 /* Main.storyboard in Resources */ = {isa = PBXBuildFile; fileRef = F4C205D32A30C06B0061A409 /* Main.storyboard */; };
		F4C205D72A30C06C0061A409 /* Assets.xcassets in Resources */ = {isa = PBXBuildFile; fileRef = F4C205D62A30C06C0061A409 /* Assets.xcassets */; };
		F4C205DA2A30C06C0061A409 /* LaunchScreen.storyboard in Resources */ = {isa = PBXBuildFile; fileRef = F4C205D82A30C06C0061A409 /* LaunchScreen.storyboard */; };
		F4C205E22A30C2160061A409 /* GoogleService-Info.plist in Resources */ = {isa = PBXBuildFile; fileRef = F4C205E12A30C2160061A409 /* GoogleService-Info.plist */; };
		F4C205E42A30D38D0061A409 /* SnapsViewController.swift in Sources */ = {isa = PBXBuildFile; fileRef = F4C205E32A30D38D0061A409 /* SnapsViewController.swift */; };
		F4C205E62A30DCAC0061A409 /* ImagenViewController.swift in Sources */ = {isa = PBXBuildFile; fileRef = F4C205E52A30DCAC0061A409 /* ImagenViewController.swift */; };
		F4C205EA2A30FA340061A409 /* ElegirUsuarioViewController.swift in Sources */ = {isa = PBXBuildFile; fileRef = F4C205E92A30FA340061A409 /* ElegirUsuarioViewController.swift */; };
		F4C205EE2A3102C30061A409 /* Usuario.swift in Sources */ = {isa = PBXBuildFile; fileRef = F4C205ED2A3102C30061A409 /* Usuario.swift */; };
/* End PBXBuildFile section */

/* Begin PBXFileReference section */
		66D47FE2FB117D59C2DCCFAB /* Pods-GonzaloSnapchat.debug.xcconfig */ = {isa = PBXFileReference; includeInIndex = 1; lastKnownFileType = text.xcconfig; name = "Pods-GonzaloSnapchat.debug.xcconfig"; path = "Target Support Files/Pods-GonzaloSnapchat/Pods-GonzaloSnapchat.debug.xcconfig"; sourceTree = "<group>"; };
		BF4802B7A973B983ACE35EC5 /* Pods-GonzaloSnapchat.release.xcconfig */ = {isa = PBXFileReference; includeInIndex = 1; lastKnownFileType = text.xcconfig; name = "Pods-GonzaloSnapchat.release.xcconfig"; path = "Target Support Files/Pods-GonzaloSnapchat/Pods-GonzaloSnapchat.release.xcconfig"; sourceTree = "<group>"; };
		CAD75D3B66418B02B3FC5AF3 /* Pods_GonzaloSnapchat.framework */ = {isa = PBXFileReference; explicitFileType = wrapper.framework; includeInIndex = 0; path = Pods_GonzaloSnapchat.framework; sourceTree = BUILT_PRODUCTS_DIR; };
		F47AF5D92A3A0575006A0564 /* Snap.swift */ = {isa = PBXFileReference; lastKnownFileType = sourcecode.swift; path = Snap.swift; sourceTree = "<group>"; };
		F47AF5DB2A3A13AA006A0564 /* VerSnapViewController.swift */ = {isa = PBXFileReference; lastKnownFileType = sourcecode.swift; path = VerSnapViewController.swift; sourceTree = "<group>"; };
		F492063F2A33BA5C0099CFCE /* CrearUsuarioViewController.swift */ = {isa = PBXFileReference; lastKnownFileType = sourcecode.swift; path = CrearUsuarioViewController.swift; sourceTree = "<group>"; };
		F4C205CA2A30C06B0061A409 /* GonzaloSnapchat.app */ = {isa = PBXFileReference; explicitFileType = wrapper.application; includeInIndex = 0; path = GonzaloSnapchat.app; sourceTree = BUILT_PRODUCTS_DIR; };
		F4C205CD2A30C06B0061A409 /* AppDelegate.swift */ = {isa = PBXFileReference; lastKnownFileType = sourcecode.swift; path = AppDelegate.swift; sourceTree = "<group>"; };
		F4C205CF2A30C06B0061A409 /* SceneDelegate.swift */ = {isa = PBXFileReference; lastKnownFileType = sourcecode.swift; path = SceneDelegate.swift; sourceTree = "<group>"; };
		F4C205D12A30C06B0061A409 /* iniciarSesionViewController.swift */ = {isa = PBXFileReference; lastKnownFileType = sourcecode.swift; path = iniciarSesionViewController.swift; sourceTree = "<group>"; };
		F4C205D42A30C06B0061A409 /* Base */ = {isa = PBXFileReference; lastKnownFileType = file.storyboard; name = Base; path = Base.lproj/Main.storyboard; sourceTree = "<group>"; };
		F4C205D62A30C06C0061A409 /* Assets.xcassets */ = {isa = PBXFileReference; lastKnownFileType = folder.assetcatalog; path = Assets.xcassets; sourceTree = "<group>"; };
		F4C205D92A30C06C0061A409 /* Base */ = {isa = PBXFileReference; lastKnownFileType = file.storyboard; name = Base; path = Base.lproj/LaunchScreen.storyboard; sourceTree = "<group>"; };
		F4C205DB2A30C06C0061A409 /* Info.plist */ = {isa = PBXFileReference; lastKnownFileType = text.plist.xml; path = Info.plist; sourceTree = "<group>"; };
		F4C205E12A30C2160061A409 /* GoogleService-Info.plist */ = {isa = PBXFileReference; fileEncoding = 4; lastKnownFileType = text.plist.xml; path = "GoogleService-Info.plist"; sourceTree = "<group>"; };
		F4C205E32A30D38D0061A409 /* SnapsViewController.swift */ = {isa = PBXFileReference; lastKnownFileType = sourcecode.swift; path = SnapsViewController.swift; sourceTree = "<group>"; };
		F4C205E52A30DCAC0061A409 /* ImagenViewController.swift */ = {isa = PBXFileReference; lastKnownFileType = sourcecode.swift; path = ImagenViewController.swift; sourceTree = "<group>"; };
		F4C205E92A30FA340061A409 /* ElegirUsuarioViewController.swift */ = {isa = PBXFileReference; lastKnownFileType = sourcecode.swift; path = ElegirUsuarioViewController.swift; sourceTree = "<group>"; };
		F4C205ED2A3102C30061A409 /* Usuario.swift */ = {isa = PBXFileReference; lastKnownFileType = sourcecode.swift; path = Usuario.swift; sourceTree = "<group>"; };
/* End PBXFileReference section */

/* Begin PBXFrameworksBuildPhase section */
		F4C205C72A30C06B0061A409 /* Frameworks */ = {
			isa = PBXFrameworksBuildPhase;
			buildActionMask = 2147483647;
			files = (
				9049D731473905E3E8A0F360 /* Pods_GonzaloSnapchat.framework in Frameworks */,
			);
			runOnlyForDeploymentPostprocessing = 0;
		};
/* End PBXFrameworksBuildPhase section */

/* Begin PBXGroup section */
		405F393F1BED7836FA993BBC /* Pods */ = {
			isa = PBXGroup;
			children = (
				66D47FE2FB117D59C2DCCFAB /* Pods-GonzaloSnapchat.debug.xcconfig */,
				BF4802B7A973B983ACE35EC5 /* Pods-GonzaloSnapchat.release.xcconfig */,
			);
			path = Pods;
			sourceTree = "<group>";
		};
		E8E10C314BFF1FE0DDEA836B /* Frameworks */ = {
			isa = PBXGroup;
			children = (
				CAD75D3B66418B02B3FC5AF3 /* Pods_GonzaloSnapchat.framework */,
			);
			name = Frameworks;
			sourceTree = "<group>";
		};
		F4C205C12A30C06B0061A409 = {
			isa = PBXGroup;
			children = (
				F4C205CC2A30C06B0061A409 /* GonzaloSnapchat */,
				F4C205CB2A30C06B0061A409 /* Products */,
				405F393F1BED7836FA993BBC /* Pods */,
				E8E10C314BFF1FE0DDEA836B /* Frameworks */,
			);
			sourceTree = "<group>";
		};
		F4C205CB2A30C06B0061A409 /* Products */ = {
			isa = PBXGroup;
			children = (
				F4C205CA2A30C06B0061A409 /* GonzaloSnapchat.app */,
			);
			name = Products;
			sourceTree = "<group>";
		};
		F4C205CC2A30C06B0061A409 /* GonzaloSnapchat */ = {
			isa = PBXGroup;
			children = (
				F4C205EC2A3102990061A409 /* Modelos */,
				F4C205EB2A31011A0061A409 /* ViewControllers */,
				F4C205CD2A30C06B0061A409 /* AppDelegate.swift */,
				F4C205CF2A30C06B0061A409 /* SceneDelegate.swift */,
				F4C205D32A30C06B0061A409 /* Main.storyboard */,
				F4C205D62A30C06C0061A409 /* Assets.xcassets */,
				F4C205D82A30C06C0061A409 /* LaunchScreen.storyboard */,
				F4C205DB2A30C06C0061A409 /* Info.plist */,
				F4C205E12A30C2160061A409 /* GoogleService-Info.plist */,
			);
			path = GonzaloSnapchat;
			sourceTree = "<group>";
		};
		F4C205EB2A31011A0061A409 /* ViewControllers */ = {
			isa = PBXGroup;
			children = (
				F4C205E32A30D38D0061A409 /* SnapsViewController.swift */,
				F4C205E52A30DCAC0061A409 /* ImagenViewController.swift */,
				F4C205E92A30FA340061A409 /* ElegirUsuarioViewController.swift */,
				F4C205D12A30C06B0061A409 /* iniciarSesionViewController.swift */,
				F492063F2A33BA5C0099CFCE /* CrearUsuarioViewController.swift */,
				F47AF5DB2A3A13AA006A0564 /* VerSnapViewController.swift */,
			);
			path = ViewControllers;
			sourceTree = "<group>";
		};
		F4C205EC2A3102990061A409 /* Modelos */ = {
			isa = PBXGroup;
			children = (
				F4C205ED2A3102C30061A409 /* Usuario.swift */,
				F47AF5D92A3A0575006A0564 /* Snap.swift */,
			);
			path = Modelos;
			sourceTree = "<group>";
		};
/* End PBXGroup section */

/* Begin PBXNativeTarget section */
		F4C205C92A30C06B0061A409 /* GonzaloSnapchat */ = {
			isa = PBXNativeTarget;
			buildConfigurationList = F4C205DE2A30C06C0061A409 /* Build configuration list for PBXNativeTarget "GonzaloSnapchat" */;
			buildPhases = (
				BCF24F2EE1BC5F1FF91435C3 /* [CP] Check Pods Manifest.lock */,
				F4C205C62A30C06B0061A409 /* Sources */,
				F4C205C72A30C06B0061A409 /* Frameworks */,
				F4C205C82A30C06B0061A409 /* Resources */,
				1F959B46DA282BC4D3D9814C /* [CP] Embed Pods Frameworks */,
			);
			buildRules = (
			);
			dependencies = (
			);
			name = GonzaloSnapchat;
			productName = GonzaloSnapchat;
			productReference = F4C205CA2A30C06B0061A409 /* GonzaloSnapchat.app */;
			productType = "com.apple.product-type.application";
		};
/* End PBXNativeTarget section */

/* Begin PBXProject section */
		F4C205C22A30C06B0061A409 /* Project object */ = {
			isa = PBXProject;
			attributes = {
				BuildIndependentTargetsInParallel = 1;
				LastSwiftUpdateCheck = 1340;
				LastUpgradeCheck = 1340;
				TargetAttributes = {
					F4C205C92A30C06B0061A409 = {
						CreatedOnToolsVersion = 13.4.1;
					};
				};
			};
			buildConfigurationList = F4C205C52A30C06B0061A409 /* Build configuration list for PBXProject "GonzaloSnapchat" */;
			compatibilityVersion = "Xcode 13.0";
			developmentRegion = en;
			hasScannedForEncodings = 0;
			knownRegions = (
				en,
				Base,
			);
			mainGroup = F4C205C12A30C06B0061A409;
			productRefGroup = F4C205CB2A30C06B0061A409 /* Products */;
			projectDirPath = "";
			projectRoot = "";
			targets = (
				F4C205C92A30C06B0061A409 /* GonzaloSnapchat */,
			);
		};
/* End PBXProject section */

/* Begin PBXResourcesBuildPhase section */
		F4C205C82A30C06B0061A409 /* Resources */ = {
			isa = PBXResourcesBuildPhase;
			buildActionMask = 2147483647;
			files = (
				F4C205DA2A30C06C0061A409 /* LaunchScreen.storyboard in Resources */,
				F4C205E22A30C2160061A409 /* GoogleService-Info.plist in Resources */,
				F4C205D72A30C06C0061A409 /* Assets.xcassets in Resources */,
				F4C205D52A30C06B0061A409 /* Main.storyboard in Resources */,
			);
			runOnlyForDeploymentPostprocessing = 0;
		};
/* End PBXResourcesBuildPhase section */

/* Begin PBXShellScriptBuildPhase section */
		1F959B46DA282BC4D3D9814C /* [CP] Embed Pods Frameworks */ = {
			isa = PBXShellScriptBuildPhase;
			buildActionMask = 2147483647;
			files = (
			);
			inputFileListPaths = (
				"${PODS_ROOT}/Target Support Files/Pods-GonzaloSnapchat/Pods-GonzaloSnapchat-frameworks-${CONFIGURATION}-input-files.xcfilelist",
			);
			name = "[CP] Embed Pods Frameworks";
			outputFileListPaths = (
				"${PODS_ROOT}/Target Support Files/Pods-GonzaloSnapchat/Pods-GonzaloSnapchat-frameworks-${CONFIGURATION}-output-files.xcfilelist",
			);
			runOnlyForDeploymentPostprocessing = 0;
			shellPath = /bin/sh;
			shellScript = "\"${PODS_ROOT}/Target Support Files/Pods-GonzaloSnapchat/Pods-GonzaloSnapchat-frameworks.sh\"\n";
			showEnvVarsInLog = 0;
		};
		BCF24F2EE1BC5F1FF91435C3 /* [CP] Check Pods Manifest.lock */ = {
			isa = PBXShellScriptBuildPhase;
			buildActionMask = 2147483647;
			files = (
			);
			inputFileListPaths = (
			);
			inputPaths = (
				"${PODS_PODFILE_DIR_PATH}/Podfile.lock",
				"${PODS_ROOT}/Manifest.lock",
			);
			name = "[CP] Check Pods Manifest.lock";
			outputFileListPaths = (
			);
			outputPaths = (
				"$(DERIVED_FILE_DIR)/Pods-GonzaloSnapchat-checkManifestLockResult.txt",
			);
			runOnlyForDeploymentPostprocessing = 0;
			shellPath = /bin/sh;
			shellScript = "diff \"${PODS_PODFILE_DIR_PATH}/Podfile.lock\" \"${PODS_ROOT}/Manifest.lock\" > /dev/null\nif [ $? != 0 ] ; then\n    # print error to STDERR\n    echo \"error: The sandbox is not in sync with the Podfile.lock. Run 'pod install' or update your CocoaPods installation.\" >&2\n    exit 1\nfi\n# This output is used by Xcode 'outputs' to avoid re-running this script phase.\necho \"SUCCESS\" > \"${SCRIPT_OUTPUT_FILE_0}\"\n";
			showEnvVarsInLog = 0;
		};
/* End PBXShellScriptBuildPhase section */

/* Begin PBXSourcesBuildPhase section */
		F4C205C62A30C06B0061A409 /* Sources */ = {
			isa = PBXSourcesBuildPhase;
			buildActionMask = 2147483647;
			files = (
				F4C205E42A30D38D0061A409 /* SnapsViewController.swift in Sources */,
				F4C205D22A30C06B0061A409 /* iniciarSesionViewController.swift in Sources */,
				F47AF5DA2A3A0575006A0564 /* Snap.swift in Sources */,
				F4C205EE2A3102C30061A409 /* Usuario.swift in Sources */,
				F47AF5DC2A3A13AA006A0564 /* VerSnapViewController.swift in Sources */,
				F4C205CE2A30C06B0061A409 /* AppDelegate.swift in Sources */,
				F4C205D02A30C06B0061A409 /* SceneDelegate.swift in Sources */,
				F4C205E62A30DCAC0061A409 /* ImagenViewController.swift in Sources */,
				F49206402A33BA5C0099CFCE /* CrearUsuarioViewController.swift in Sources */,
				F4C205EA2A30FA340061A409 /* ElegirUsuarioViewController.swift in Sources */,
			);
			runOnlyForDeploymentPostprocessing = 0;
		};
/* End PBXSourcesBuildPhase section */

/* Begin PBXVariantGroup section */
		F4C205D32A30C06B0061A409 /* Main.storyboard */ = {
			isa = PBXVariantGroup;
			children = (
				F4C205D42A30C06B0061A409 /* Base */,
			);
			name = Main.storyboard;
			sourceTree = "<group>";
		};
		F4C205D82A30C06C0061A409 /* LaunchScreen.storyboard */ = {
			isa = PBXVariantGroup;
			children = (
				F4C205D92A30C06C0061A409 /* Base */,
			);
			name = LaunchScreen.storyboard;
			sourceTree = "<group>";
		};
/* End PBXVariantGroup section */

/* Begin XCBuildConfiguration section */
		F4C205DC2A30C06C0061A409 /* Debug */ = {
			isa = XCBuildConfiguration;
			buildSettings = {
				ALWAYS_SEARCH_USER_PATHS = NO;
				CLANG_ANALYZER_NONNULL = YES;
				CLANG_ANALYZER_NUMBER_OBJECT_CONVERSION = YES_AGGRESSIVE;
				CLANG_CXX_LANGUAGE_STANDARD = "gnu++17";
				CLANG_ENABLE_MODULES = YES;
				CLANG_ENABLE_OBJC_ARC = YES;
				CLANG_ENABLE_OBJC_WEAK = YES;
				CLANG_WARN_BLOCK_CAPTURE_AUTORELEASING = YES;
				CLANG_WARN_BOOL_CONVERSION = YES;
				CLANG_WARN_COMMA = YES;
				CLANG_WARN_CONSTANT_CONVERSION = YES;
				CLANG_WARN_DEPRECATED_OBJC_IMPLEMENTATIONS = YES;
				CLANG_WARN_DIRECT_OBJC_ISA_USAGE = YES_ERROR;
				CLANG_WARN_DOCUMENTATION_COMMENTS = YES;
				CLANG_WARN_EMPTY_BODY = YES;
				CLANG_WARN_ENUM_CONVERSION = YES;
				CLANG_WARN_INFINITE_RECURSION = YES;
				CLANG_WARN_INT_CONVERSION = YES;
				CLANG_WARN_NON_LITERAL_NULL_CONVERSION = YES;
				CLANG_WARN_OBJC_IMPLICIT_RETAIN_SELF = YES;
				CLANG_WARN_OBJC_LITERAL_CONVERSION = YES;
				CLANG_WARN_OBJC_ROOT_CLASS = YES_ERROR;
				CLANG_WARN_QUOTED_INCLUDE_IN_FRAMEWORK_HEADER = YES;
				CLANG_WARN_RANGE_LOOP_ANALYSIS = YES;
				CLANG_WARN_STRICT_PROTOTYPES = YES;
				CLANG_WARN_SUSPICIOUS_MOVE = YES;
				CLANG_WARN_UNGUARDED_AVAILABILITY = YES_AGGRESSIVE;
				CLANG_WARN_UNREACHABLE_CODE = YES;
				CLANG_WARN__DUPLICATE_METHOD_MATCH = YES;
				COPY_PHASE_STRIP = NO;
				DEBUG_INFORMATION_FORMAT = dwarf;
				ENABLE_STRICT_OBJC_MSGSEND = YES;
				ENABLE_TESTABILITY = YES;
				GCC_C_LANGUAGE_STANDARD = gnu11;
				GCC_DYNAMIC_NO_PIC = NO;
				GCC_NO_COMMON_BLOCKS = YES;
				GCC_OPTIMIZATION_LEVEL = 0;
				GCC_PREPROCESSOR_DEFINITIONS = (
					"DEBUG=1",
					"$(inherited)",
				);
				GCC_WARN_64_TO_32_BIT_CONVERSION = YES;
				GCC_WARN_ABOUT_RETURN_TYPE = YES_ERROR;
				GCC_WARN_UNDECLARED_SELECTOR = YES;
				GCC_WARN_UNINITIALIZED_AUTOS = YES_AGGRESSIVE;
				GCC_WARN_UNUSED_FUNCTION = YES;
				GCC_WARN_UNUSED_VARIABLE = YES;
				IPHONEOS_DEPLOYMENT_TARGET = 15.5;
				MTL_ENABLE_DEBUG_INFO = INCLUDE_SOURCE;
				MTL_FAST_MATH = YES;
				ONLY_ACTIVE_ARCH = YES;
				SDKROOT = iphoneos;
				SWIFT_ACTIVE_COMPILATION_CONDITIONS = DEBUG;
				SWIFT_OPTIMIZATION_LEVEL = "-Onone";
			};
			name = Debug;
		};
		F4C205DD2A30C06C0061A409 /* Release */ = {
			isa = XCBuildConfiguration;
			buildSettings = {
				ALWAYS_SEARCH_USER_PATHS = NO;
				CLANG_ANALYZER_NONNULL = YES;
				CLANG_ANALYZER_NUMBER_OBJECT_CONVERSION = YES_AGGRESSIVE;
				CLANG_CXX_LANGUAGE_STANDARD = "gnu++17";
				CLANG_ENABLE_MODULES = YES;
				CLANG_ENABLE_OBJC_ARC = YES;
				CLANG_ENABLE_OBJC_WEAK = YES;
				CLANG_WARN_BLOCK_CAPTURE_AUTORELEASING = YES;
				CLANG_WARN_BOOL_CONVERSION = YES;
				CLANG_WARN_COMMA = YES;
				CLANG_WARN_CONSTANT_CONVERSION = YES;
				CLANG_WARN_DEPRECATED_OBJC_IMPLEMENTATIONS = YES;
				CLANG_WARN_DIRECT_OBJC_ISA_USAGE = YES_ERROR;
				CLANG_WARN_DOCUMENTATION_COMMENTS = YES;
				CLANG_WARN_EMPTY_BODY = YES;
				CLANG_WARN_ENUM_CONVERSION = YES;
				CLANG_WARN_INFINITE_RECURSION = YES;
				CLANG_WARN_INT_CONVERSION = YES;
				CLANG_WARN_NON_LITERAL_NULL_CONVERSION = YES;
				CLANG_WARN_OBJC_IMPLICIT_RETAIN_SELF = YES;
				CLANG_WARN_OBJC_LITERAL_CONVERSION = YES;
				CLANG_WARN_OBJC_ROOT_CLASS = YES_ERROR;
				CLANG_WARN_QUOTED_INCLUDE_IN_FRAMEWORK_HEADER = YES;
				CLANG_WARN_RANGE_LOOP_ANALYSIS = YES;
				CLANG_WARN_STRICT_PROTOTYPES = YES;
				CLANG_WARN_SUSPICIOUS_MOVE = YES;
				CLANG_WARN_UNGUARDED_AVAILABILITY = YES_AGGRESSIVE;
				CLANG_WARN_UNREACHABLE_CODE = YES;
				CLANG_WARN__DUPLICATE_METHOD_MATCH = YES;
				COPY_PHASE_STRIP = NO;
				DEBUG_INFORMATION_FORMAT = "dwarf-with-dsym";
				ENABLE_NS_ASSERTIONS = NO;
				ENABLE_STRICT_OBJC_MSGSEND = YES;
				GCC_C_LANGUAGE_STANDARD = gnu11;
				GCC_NO_COMMON_BLOCKS = YES;
				GCC_WARN_64_TO_32_BIT_CONVERSION = YES;
				GCC_WARN_ABOUT_RETURN_TYPE = YES_ERROR;
				GCC_WARN_UNDECLARED_SELECTOR = YES;
				GCC_WARN_UNINITIALIZED_AUTOS = YES_AGGRESSIVE;
				GCC_WARN_UNUSED_FUNCTION = YES;
				GCC_WARN_UNUSED_VARIABLE = YES;
				IPHONEOS_DEPLOYMENT_TARGET = 15.5;
				MTL_ENABLE_DEBUG_INFO = NO;
				MTL_FAST_MATH = YES;
				SDKROOT = iphoneos;
				SWIFT_COMPILATION_MODE = wholemodule;
				SWIFT_OPTIMIZATION_LEVEL = "-O";
				VALIDATE_PRODUCT = YES;
			};
			name = Release;
		};
		F4C205DF2A30C06C0061A409 /* Debug */ = {
			isa = XCBuildConfiguration;
			baseConfigurationReference = 66D47FE2FB117D59C2DCCFAB /* Pods-GonzaloSnapchat.debug.xcconfig */;
			buildSettings = {
				ASSETCATALOG_COMPILER_APPICON_NAME = AppIcon;
				ASSETCATALOG_COMPILER_GLOBAL_ACCENT_COLOR_NAME = AccentColor;
				CODE_SIGN_STYLE = Automatic;
				CURRENT_PROJECT_VERSION = 1;
				GENERATE_INFOPLIST_FILE = YES;
				INFOPLIST_FILE = GonzaloSnapchat/Info.plist;
				INFOPLIST_KEY_UIApplicationSupportsIndirectInputEvents = YES;
				INFOPLIST_KEY_UILaunchStoryboardName = LaunchScreen;
				INFOPLIST_KEY_UIMainStoryboardFile = Main;
				INFOPLIST_KEY_UISupportedInterfaceOrientations_iPad = "UIInterfaceOrientationPortrait UIInterfaceOrientationPortraitUpsideDown UIInterfaceOrientationLandscapeLeft UIInterfaceOrientationLandscapeRight";
				INFOPLIST_KEY_UISupportedInterfaceOrientations_iPhone = "UIInterfaceOrientationPortrait UIInterfaceOrientationLandscapeLeft UIInterfaceOrientationLandscapeRight";
				LD_RUNPATH_SEARCH_PATHS = (
					"$(inherited)",
					"@executable_path/Frameworks",
				);
				MARKETING_VERSION = 1.0;
				PRODUCT_BUNDLE_IDENTIFIER = deah.com.GonzaloSnapchat;
				PRODUCT_NAME = "$(TARGET_NAME)";
				SWIFT_EMIT_LOC_STRINGS = YES;
				SWIFT_VERSION = 5.0;
				TARGETED_DEVICE_FAMILY = "1,2";
			};
			name = Debug;
		};
		F4C205E02A30C06C0061A409 /* Release */ = {
			isa = XCBuildConfiguration;
			baseConfigurationReference = BF4802B7A973B983ACE35EC5 /* Pods-GonzaloSnapchat.release.xcconfig */;
			buildSettings = {
				ASSETCATALOG_COMPILER_APPICON_NAME = AppIcon;
				ASSETCATALOG_COMPILER_GLOBAL_ACCENT_COLOR_NAME = AccentColor;
				CODE_SIGN_STYLE = Automatic;
				CURRENT_PROJECT_VERSION = 1;
				GENERATE_INFOPLIST_FILE = YES;
				INFOPLIST_FILE = GonzaloSnapchat/Info.plist;
				INFOPLIST_KEY_UIApplicationSupportsIndirectInputEvents = YES;
				INFOPLIST_KEY_UILaunchStoryboardName = LaunchScreen;
				INFOPLIST_KEY_UIMainStoryboardFile = Main;
				INFOPLIST_KEY_UISupportedInterfaceOrientations_iPad = "UIInterfaceOrientationPortrait UIInterfaceOrientationPortraitUpsideDown UIInterfaceOrientationLandscapeLeft UIInterfaceOrientationLandscapeRight";
				INFOPLIST_KEY_UISupportedInterfaceOrientations_iPhone = "UIInterfaceOrientationPortrait UIInterfaceOrientationLandscapeLeft UIInterfaceOrientationLandscapeRight";
				LD_RUNPATH_SEARCH_PATHS = (
					"$(inherited)",
					"@executable_path/Frameworks",
				);
				MARKETING_VERSION = 1.0;
				PRODUCT_BUNDLE_IDENTIFIER = deah.com.GonzaloSnapchat;
				PRODUCT_NAME = "$(TARGET_NAME)";
				SWIFT_EMIT_LOC_STRINGS = YES;
				SWIFT_VERSION = 5.0;
				TARGETED_DEVICE_FAMILY = "1,2";
			};
			name = Release;
		};
/* End XCBuildConfiguration section */

/* Begin XCConfigurationList section */
		F4C205C52A30C06B0061A409 /* Build configuration list for PBXProject "GonzaloSnapchat" */ = {
			isa = XCConfigurationList;
			buildConfigurations = (
				F4C205DC2A30C06C0061A409 /* Debug */,
				F4C205DD2A30C06C0061A409 /* Release */,
			);
			defaultConfigurationIsVisible = 0;
			defaultConfigurationName = Release;
		};
		F4C205DE2A30C06C0061A409 /* Build configuration list for PBXNativeTarget "GonzaloSnapchat" */ = {
			isa = XCConfigurationList;
			buildConfigurations = (
				F4C205DF2A30C06C0061A409 /* Debug */,
				F4C205E02A30C06C0061A409 /* Release */,
			);
			defaultConfigurationIsVisible = 0;
			defaultConfigurationName = Release;
		};
/* End XCConfigurationList section */
	};
	rootObject = F4C205C22A30C06B0061A409 /* Project object */;
}
